
Microsoft Visual Studio Solution File, Format Version 12.00
# Visual Studio Version 17
VisualStudioVersion = 17.1.32210.238
MinimumVisualStudioVersion = 10.0.40219.1
Project("{FAE04EC0-301F-11D3-BF4B-00C04F79EFBC}") = "lexical(2)", "lexical(2).csproj", "{09E1FFBB-5993-4652-89D8-0DE1EFEE6CFD}"
EndProject
Global
	GlobalSection(SolutionConfigurationPlatforms) = preSolution
		Debug|Any CPU = Debug|Any CPU
		Release|Any CPU = Release|Any CPU
	EndGlobalSection
	GlobalSection(ProjectConfigurationPlatforms) = postSolution
		{09E1FFBB-5993-4652-89D8-0DE1EFEE6CFD}.Debug|Any CPU.ActiveCfg = Debug|Any CPU
		{09E1FFBB-5993-4652-89D8-0DE1EFEE6CFD}.Debug|Any CPU.Build.0 = Debug|Any CPU
		{09E1FFBB-5993-4652-89D8-0DE1EFEE6CFD}.Release|Any CPU.ActiveCfg = Release|Any CPU
		{09E1FFBB-5993-4652-89D8-0DE1EFEE6CFD}.Release|Any CPU.Build.0 = Release|Any CPU
	EndGlobalSection
	GlobalSection(SolutionProperties) = preSolution
		HideSolutionNode = FALSE
	EndGlobalSection
	GlobalSection(ExtensibilityGlobals) = postSolution
		SolutionGuid = {54539B27-A691-4CFB-8D7B-45B9B238E41B}
	EndGlobalSection
EndGlobal
